# This file is autogenerated, do not edit; changes may be undone by the next 'dep ensure'.


[[projects]]
  name = "github.com/eclipse/paho.mqtt.golang"
  packages = [
    ".",
    "packets"
  ]
  revision = "aff15770515e3c57fc6109da73d42b0d46f7f483"
  version = "v1.1.0"

[[projects]]
  name = "github.com/pkg/errors"
  packages = ["."]
  revision = "645ef00459ed84a119197bfb8d8205042c6df63d"
  version = "v0.8.0"

[[projects]]
  branch = "master"
  name = "golang.org/x/net"
  packages = [
    "proxy",
    "websocket"
  ]
  revision = "cbe0f9307d0156177f9dd5dc85da1a31abc5f2fb"

[[projects]]
  branch = "master"
  name = "pack.ag/amqp"
  packages = [
    ".",
    "internal/testconn"
  ]
  revision = "7541c9e406fe7ffe25b0015f2b3fac5789dbbd24"
  source = "github.com/vcabbage/amqp"

[solve-meta]
  analyzer-name = "dep"
  analyzer-version = 1
  inputs-digest = "56c7739003348d3227931e52b174e2cd728542307185062058874b76e53b3c05"
  solver-name = "gps-cdcl"
  solver-version = 1
